
Microsoft Visual Studio Solution File, Format Version 12.00
# Visual Studio Version 17
VisualStudioVersion = 17.1.32407.343
MinimumVisualStudioVersion = 10.0.40219.1
Project("{FAE04EC0-301F-11D3-BF4B-00C04F79EFBC}") = "XFileManager", "XFileManager.csproj", "{11FFA54E-FA4C-48D7-928C-82F7E1C3CFFE}"
EndProject
Global
	GlobalSection(SolutionConfigurationPlatforms) = preSolution
		Debug|Any CPU = Debug|Any CPU
		Release|Any CPU = Release|Any CPU
	EndGlobalSection
	GlobalSection(ProjectConfigurationPlatforms) = postSolution
		{11FFA54E-FA4C-48D7-928C-82F7E1C3CFFE}.Debug|Any CPU.ActiveCfg = Debug|Any CPU
		{11FFA54E-FA4C-48D7-928C-82F7E1C3CFFE}.Debug|Any CPU.Build.0 = Debug|Any CPU
		{11FFA54E-FA4C-48D7-928C-82F7E1C3CFFE}.Release|Any CPU.ActiveCfg = Release|Any CPU
		{11FFA54E-FA4C-48D7-928C-82F7E1C3CFFE}.Release|Any CPU.Build.0 = Release|Any CPU
	EndGlobalSection
	GlobalSection(SolutionProperties) = preSolution
		HideSolutionNode = FALSE
	EndGlobalSection
	GlobalSection(ExtensibilityGlobals) = postSolution
		SolutionGuid = {0102D2EE-6F5E-403C-8FAD-188CEC90C368}
	EndGlobalSection
EndGlobal
